
Microsoft Visual Studio Solution File, Format Version 12.00
# Visual Studio Version 17
VisualStudioVersion = 17.3.32819.101
MinimumVisualStudioVersion = 10.0.40219.1
Project("{9A19103F-16F7-4668-BE54-9A1E7A4F7556}") = "Entities", "Entities\Entities.csproj", "{312C2E4D-0E40-4EF4-A1B5-3283DD90A141}"
EndProject
Project("{9A19103F-16F7-4668-BE54-9A1E7A4F7556}") = "DataAccess", "DataAccess\DataAccess.csproj", "{D711CE5D-E10D-4687-AA6E-F51FA7FB737A}"
EndProject
Project("{9A19103F-16F7-4668-BE54-9A1E7A4F7556}") = "Core", "Core\Core.csproj", "{77018FFF-FC78-4E2E-9CFB-91023B531934}"
EndProject
Project("{9A19103F-16F7-4668-BE54-9A1E7A4F7556}") = "Business", "Business\Business.csproj", "{425259FD-4665-4964-9EFD-D1105070C7BD}"
EndProject
Project("{FAE04EC0-301F-11D3-BF4B-00C04F79EFBC}") = "KUSYS-Demo", "KUSYS-Demo\KUSYS-Demo.csproj", "{1A600026-CE2B-44BE-A4B4-AB7A1E5AA745}"
EndProject
Global
	GlobalSection(SolutionConfigurationPlatforms) = preSolution
		Debug|Any CPU = Debug|Any CPU
		Release|Any CPU = Release|Any CPU
	EndGlobalSection
	GlobalSection(ProjectConfigurationPlatforms) = postSolution
		{312C2E4D-0E40-4EF4-A1B5-3283DD90A141}.Debug|Any CPU.ActiveCfg = Debug|Any CPU
		{312C2E4D-0E40-4EF4-A1B5-3283DD90A141}.Debug|Any CPU.Build.0 = Debug|Any CPU
		{312C2E4D-0E40-4EF4-A1B5-3283DD90A141}.Release|Any CPU.ActiveCfg = Release|Any CPU
		{312C2E4D-0E40-4EF4-A1B5-3283DD90A141}.Release|Any CPU.Build.0 = Release|Any CPU
		{D711CE5D-E10D-4687-AA6E-F51FA7FB737A}.Debug|Any CPU.ActiveCfg = Debug|Any CPU
		{D711CE5D-E10D-4687-AA6E-F51FA7FB737A}.Debug|Any CPU.Build.0 = Debug|Any CPU
		{D711CE5D-E10D-4687-AA6E-F51FA7FB737A}.Release|Any CPU.ActiveCfg = Release|Any CPU
		{D711CE5D-E10D-4687-AA6E-F51FA7FB737A}.Release|Any CPU.Build.0 = Release|Any CPU
		{77018FFF-FC78-4E2E-9CFB-91023B531934}.Debug|Any CPU.ActiveCfg = Debug|Any CPU
		{77018FFF-FC78-4E2E-9CFB-91023B531934}.Debug|Any CPU.Build.0 = Debug|Any CPU
		{77018FFF-FC78-4E2E-9CFB-91023B531934}.Release|Any CPU.ActiveCfg = Release|Any CPU
		{77018FFF-FC78-4E2E-9CFB-91023B531934}.Release|Any CPU.Build.0 = Release|Any CPU
		{425259FD-4665-4964-9EFD-D1105070C7BD}.Debug|Any CPU.ActiveCfg = Debug|Any CPU
		{425259FD-4665-4964-9EFD-D1105070C7BD}.Debug|Any CPU.Build.0 = Debug|Any CPU
		{425259FD-4665-4964-9EFD-D1105070C7BD}.Release|Any CPU.ActiveCfg = Release|Any CPU
		{425259FD-4665-4964-9EFD-D1105070C7BD}.Release|Any CPU.Build.0 = Release|Any CPU
		{1A600026-CE2B-44BE-A4B4-AB7A1E5AA745}.Debug|Any CPU.ActiveCfg = Debug|Any CPU
		{1A600026-CE2B-44BE-A4B4-AB7A1E5AA745}.Debug|Any CPU.Build.0 = Debug|Any CPU
		{1A600026-CE2B-44BE-A4B4-AB7A1E5AA745}.Release|Any CPU.ActiveCfg = Release|Any CPU
		{1A600026-CE2B-44BE-A4B4-AB7A1E5AA745}.Release|Any CPU.Build.0 = Release|Any CPU
	EndGlobalSection
	GlobalSection(SolutionProperties) = preSolution
		HideSolutionNode = FALSE
	EndGlobalSection
	GlobalSection(ExtensibilityGlobals) = postSolution
		SolutionGuid = {62C54FBE-F6FE-4CF9-97FC-0225CD688A93}
	EndGlobalSection
EndGlobal
